
Microsoft Visual Studio Solution File, Format Version 12.00
# Visual Studio Version 17
VisualStudioVersion = 17.1.32210.238
MinimumVisualStudioVersion = 10.0.40219.1
Project("{2150E333-8FDC-42A3-9474-1A3956D46DE8}") = "src", "src", "{1D4E4687-5992-4864-8C71-67EC66AC229F}"
EndProject
Project("{FAE04EC0-301F-11D3-BF4B-00C04F79EFBC}") = "WebUI", "src\WebUI\WebUI.csproj", "{CE266F3B-B87F-4B96-9585-C21E270BC09A}"
EndProject
Project("{FAE04EC0-301F-11D3-BF4B-00C04F79EFBC}") = "Infrastructure", "src\Infrastructure\Infrastructure.csproj", "{4B652ADC-93B3-4F17-8910-79EB0B1CFEE8}"
EndProject
Project("{FAE04EC0-301F-11D3-BF4B-00C04F79EFBC}") = "Domain", "src\Domain\Domain.csproj", "{704CDB53-7F81-4809-BADC-F80872036BE4}"
EndProject
Project("{FAE04EC0-301F-11D3-BF4B-00C04F79EFBC}") = "Application", "src\Application\Application.csproj", "{D3D25C1B-C2F3-4A6E-AF3A-93D4F51EA57B}"
EndProject
Project("{2150E333-8FDC-42A3-9474-1A3956D46DE8}") = "tests", "tests", "{B39CA47D-EB6A-4787-AB47-0764B3DD182F}"
EndProject
Project("{FAE04EC0-301F-11D3-BF4B-00C04F79EFBC}") = "Domain.UnitTests", "tests\Domain.UnitTests\Domain.UnitTests.csproj", "{B8620994-0644-4251-A9B5-6C4F229DA6E2}"
EndProject
Project("{E53339B2-1760-4266-BCC7-CA923CBCF16C}") = "docker-compose", "docker-compose.dcproj", "{37DABF5C-D315-4086-97A8-1AEFF4E09014}"
EndProject
Project("{FAE04EC0-301F-11D3-BF4B-00C04F79EFBC}") = "Application.UnitTests", "tests\Application.UnitTests\Application.UnitTests.csproj", "{816CAAE8-A82F-4336-87D0-EFB0D547C0D6}"
EndProject
Project("{FAE04EC0-301F-11D3-BF4B-00C04F79EFBC}") = "Application.IntegrationTests", "tests\Application.IntegrationTests\Application.IntegrationTests.csproj", "{98E17285-E9F5-4282-A165-9C29BC3B3D21}"
EndProject
Global
	GlobalSection(SolutionConfigurationPlatforms) = preSolution
		Debug|Any CPU = Debug|Any CPU
		Release|Any CPU = Release|Any CPU
	EndGlobalSection
	GlobalSection(ProjectConfigurationPlatforms) = postSolution
		{CE266F3B-B87F-4B96-9585-C21E270BC09A}.Debug|Any CPU.ActiveCfg = Debug|Any CPU
		{CE266F3B-B87F-4B96-9585-C21E270BC09A}.Debug|Any CPU.Build.0 = Debug|Any CPU
		{CE266F3B-B87F-4B96-9585-C21E270BC09A}.Release|Any CPU.ActiveCfg = Release|Any CPU
		{CE266F3B-B87F-4B96-9585-C21E270BC09A}.Release|Any CPU.Build.0 = Release|Any CPU
		{4B652ADC-93B3-4F17-8910-79EB0B1CFEE8}.Debug|Any CPU.ActiveCfg = Debug|Any CPU
		{4B652ADC-93B3-4F17-8910-79EB0B1CFEE8}.Debug|Any CPU.Build.0 = Debug|Any CPU
		{4B652ADC-93B3-4F17-8910-79EB0B1CFEE8}.Release|Any CPU.ActiveCfg = Release|Any CPU
		{4B652ADC-93B3-4F17-8910-79EB0B1CFEE8}.Release|Any CPU.Build.0 = Release|Any CPU
		{704CDB53-7F81-4809-BADC-F80872036BE4}.Debug|Any CPU.ActiveCfg = Debug|Any CPU
		{704CDB53-7F81-4809-BADC-F80872036BE4}.Debug|Any CPU.Build.0 = Debug|Any CPU
		{704CDB53-7F81-4809-BADC-F80872036BE4}.Release|Any CPU.ActiveCfg = Release|Any CPU
		{704CDB53-7F81-4809-BADC-F80872036BE4}.Release|Any CPU.Build.0 = Release|Any CPU
		{D3D25C1B-C2F3-4A6E-AF3A-93D4F51EA57B}.Debug|Any CPU.ActiveCfg = Debug|Any CPU
		{D3D25C1B-C2F3-4A6E-AF3A-93D4F51EA57B}.Debug|Any CPU.Build.0 = Debug|Any CPU
		{D3D25C1B-C2F3-4A6E-AF3A-93D4F51EA57B}.Release|Any CPU.ActiveCfg = Release|Any CPU
		{D3D25C1B-C2F3-4A6E-AF3A-93D4F51EA57B}.Release|Any CPU.Build.0 = Release|Any CPU
		{B8620994-0644-4251-A9B5-6C4F229DA6E2}.Debug|Any CPU.ActiveCfg = Debug|Any CPU
		{B8620994-0644-4251-A9B5-6C4F229DA6E2}.Debug|Any CPU.Build.0 = Debug|Any CPU
		{B8620994-0644-4251-A9B5-6C4F229DA6E2}.Release|Any CPU.ActiveCfg = Release|Any CPU
		{B8620994-0644-4251-A9B5-6C4F229DA6E2}.Release|Any CPU.Build.0 = Release|Any CPU
		{37DABF5C-D315-4086-97A8-1AEFF4E09014}.Debug|Any CPU.ActiveCfg = Debug|Any CPU
		{37DABF5C-D315-4086-97A8-1AEFF4E09014}.Debug|Any CPU.Build.0 = Debug|Any CPU
		{37DABF5C-D315-4086-97A8-1AEFF4E09014}.Release|Any CPU.ActiveCfg = Release|Any CPU
		{37DABF5C-D315-4086-97A8-1AEFF4E09014}.Release|Any CPU.Build.0 = Release|Any CPU
		{816CAAE8-A82F-4336-87D0-EFB0D547C0D6}.Debug|Any CPU.ActiveCfg = Debug|Any CPU
		{816CAAE8-A82F-4336-87D0-EFB0D547C0D6}.Debug|Any CPU.Build.0 = Debug|Any CPU
		{816CAAE8-A82F-4336-87D0-EFB0D547C0D6}.Release|Any CPU.ActiveCfg = Release|Any CPU
		{816CAAE8-A82F-4336-87D0-EFB0D547C0D6}.Release|Any CPU.Build.0 = Release|Any CPU
		{98E17285-E9F5-4282-A165-9C29BC3B3D21}.Debug|Any CPU.ActiveCfg = Debug|Any CPU
		{98E17285-E9F5-4282-A165-9C29BC3B3D21}.Debug|Any CPU.Build.0 = Debug|Any CPU
		{98E17285-E9F5-4282-A165-9C29BC3B3D21}.Release|Any CPU.ActiveCfg = Release|Any CPU
		{98E17285-E9F5-4282-A165-9C29BC3B3D21}.Release|Any CPU.Build.0 = Release|Any CPU
	EndGlobalSection
	GlobalSection(SolutionProperties) = preSolution
		HideSolutionNode = FALSE
	EndGlobalSection
	GlobalSection(NestedProjects) = preSolution
		{CE266F3B-B87F-4B96-9585-C21E270BC09A} = {1D4E4687-5992-4864-8C71-67EC66AC229F}
		{4B652ADC-93B3-4F17-8910-79EB0B1CFEE8} = {1D4E4687-5992-4864-8C71-67EC66AC229F}
		{704CDB53-7F81-4809-BADC-F80872036BE4} = {1D4E4687-5992-4864-8C71-67EC66AC229F}
		{D3D25C1B-C2F3-4A6E-AF3A-93D4F51EA57B} = {1D4E4687-5992-4864-8C71-67EC66AC229F}
		{B8620994-0644-4251-A9B5-6C4F229DA6E2} = {B39CA47D-EB6A-4787-AB47-0764B3DD182F}
		{816CAAE8-A82F-4336-87D0-EFB0D547C0D6} = {B39CA47D-EB6A-4787-AB47-0764B3DD182F}
		{98E17285-E9F5-4282-A165-9C29BC3B3D21} = {B39CA47D-EB6A-4787-AB47-0764B3DD182F}
	EndGlobalSection
	GlobalSection(ExtensibilityGlobals) = postSolution
		SolutionGuid = {AEC02788-B7A1-4F3C-8C38-23D6F29705CD}
	EndGlobalSection
EndGlobal
